
Microsoft Visual Studio Solution File, Format Version 11.00
# Visual Studio 2010
Project("{FAE04EC0-301F-11D3-BF4B-00C04F79EFBC}") = "UnityProduct", "Assembly-CSharp.csproj", "{7C77EE85-CF55-FAF3-FAC5-BB4D336C074B}"
EndProject
Project("{FAE04EC0-301F-11D3-BF4B-00C04F79EFBC}") = "UnityProduct", "Assembly-CSharp-Editor.csproj", "{6F2F4556-A601-33EC-71FE-D3CD59C47120}"
EndProject
Global
	GlobalSection(SolutionConfigurationPlatforms) = preSolution
		Debug|Any CPU = Debug|Any CPU
		Release|Any CPU = Release|Any CPU
	EndGlobalSection
	GlobalSection(ProjectConfigurationPlatforms) = postSolution
		{7C77EE85-CF55-FAF3-FAC5-BB4D336C074B}.Debug|Any CPU.ActiveCfg = Debug|Any CPU
		{7C77EE85-CF55-FAF3-FAC5-BB4D336C074B}.Debug|Any CPU.Build.0 = Debug|Any CPU
		{7C77EE85-CF55-FAF3-FAC5-BB4D336C074B}.Release|Any CPU.ActiveCfg = Release|Any CPU
		{7C77EE85-CF55-FAF3-FAC5-BB4D336C074B}.Release|Any CPU.Build.0 = Release|Any CPU
		{6F2F4556-A601-33EC-71FE-D3CD59C47120}.Debug|Any CPU.ActiveCfg = Debug|Any CPU
		{6F2F4556-A601-33EC-71FE-D3CD59C47120}.Debug|Any CPU.Build.0 = Debug|Any CPU
		{6F2F4556-A601-33EC-71FE-D3CD59C47120}.Release|Any CPU.ActiveCfg = Release|Any CPU
		{6F2F4556-A601-33EC-71FE-D3CD59C47120}.Release|Any CPU.Build.0 = Release|Any CPU
	EndGlobalSection
	GlobalSection(SolutionProperties) = preSolution
		HideSolutionNode = FALSE
	EndGlobalSection
	GlobalSection(MonoDevelopProperties) = preSolution
		StartupItem = Assembly-CSharp.csproj
	EndGlobalSection
EndGlobal
